
Microsoft Visual Studio Solution File, Format Version 12.00
# Visual Studio Version 17
VisualStudioVersion = 17.2.32616.157
MinimumVisualStudioVersion = 10.0.40219.1
Project("{FAE04EC0-301F-11D3-BF4B-00C04F79EFBC}") = "CalculatorWebApplication", "CalculatorWebApplication\CalculatorWebApplication.csproj", "{8A1391C0-38AC-413C-8A68-0D69F596C599}"
EndProject
Global
	GlobalSection(SolutionConfigurationPlatforms) = preSolution
		Debug|Any CPU = Debug|Any CPU
		Release|Any CPU = Release|Any CPU
	EndGlobalSection
	GlobalSection(ProjectConfigurationPlatforms) = postSolution
		{8A1391C0-38AC-413C-8A68-0D69F596C599}.Debug|Any CPU.ActiveCfg = Debug|Any CPU
		{8A1391C0-38AC-413C-8A68-0D69F596C599}.Debug|Any CPU.Build.0 = Debug|Any CPU
		{8A1391C0-38AC-413C-8A68-0D69F596C599}.Release|Any CPU.ActiveCfg = Release|Any CPU
		{8A1391C0-38AC-413C-8A68-0D69F596C599}.Release|Any CPU.Build.0 = Release|Any CPU
	EndGlobalSection
	GlobalSection(SolutionProperties) = preSolution
		HideSolutionNode = FALSE
	EndGlobalSection
	GlobalSection(ExtensibilityGlobals) = postSolution
		SolutionGuid = {E29D5B1B-F54E-4150-BC22-98CAB1B57C0D}
	EndGlobalSection
EndGlobal
